
Microsoft Visual Studio Solution File, Format Version 12.00
# Visual Studio Version 17
VisualStudioVersion = 17.0.32014.148
MinimumVisualStudioVersion = 10.0.40219.1
Project("{9A19103F-16F7-4668-BE54-9A1E7A4F7556}") = "GitMarket", "GitMarket\GitMarket.csproj", "{08F3EE83-904D-49E6-AC76-9EDA5FC3BE47}"
EndProject
Project("{9A19103F-16F7-4668-BE54-9A1E7A4F7556}") = "GitMarket.Domain", "GitMarket.Domain\GitMarket.Domain.csproj", "{434EEBCD-6304-4F35-9A3E-9308A03CAB73}"
EndProject
Project("{9A19103F-16F7-4668-BE54-9A1E7A4F7556}") = "GitMarket.ApiTityFramework", "GitMarket.ApiTityFramework\GitMarket.ApiTityFramework.csproj", "{F4476783-2DD0-4358-A1E5-388F399BAF96}"
EndProject
Global
	GlobalSection(SolutionConfigurationPlatforms) = preSolution
		Debug|Any CPU = Debug|Any CPU
		Release|Any CPU = Release|Any CPU
	EndGlobalSection
	GlobalSection(ProjectConfigurationPlatforms) = postSolution
		{08F3EE83-904D-49E6-AC76-9EDA5FC3BE47}.Debug|Any CPU.ActiveCfg = Debug|Any CPU
		{08F3EE83-904D-49E6-AC76-9EDA5FC3BE47}.Debug|Any CPU.Build.0 = Debug|Any CPU
		{08F3EE83-904D-49E6-AC76-9EDA5FC3BE47}.Release|Any CPU.ActiveCfg = Release|Any CPU
		{08F3EE83-904D-49E6-AC76-9EDA5FC3BE47}.Release|Any CPU.Build.0 = Release|Any CPU
		{434EEBCD-6304-4F35-9A3E-9308A03CAB73}.Debug|Any CPU.ActiveCfg = Debug|Any CPU
		{434EEBCD-6304-4F35-9A3E-9308A03CAB73}.Debug|Any CPU.Build.0 = Debug|Any CPU
		{434EEBCD-6304-4F35-9A3E-9308A03CAB73}.Release|Any CPU.ActiveCfg = Release|Any CPU
		{434EEBCD-6304-4F35-9A3E-9308A03CAB73}.Release|Any CPU.Build.0 = Release|Any CPU
		{F4476783-2DD0-4358-A1E5-388F399BAF96}.Debug|Any CPU.ActiveCfg = Debug|Any CPU
		{F4476783-2DD0-4358-A1E5-388F399BAF96}.Debug|Any CPU.Build.0 = Debug|Any CPU
		{F4476783-2DD0-4358-A1E5-388F399BAF96}.Release|Any CPU.ActiveCfg = Release|Any CPU
		{F4476783-2DD0-4358-A1E5-388F399BAF96}.Release|Any CPU.Build.0 = Release|Any CPU
	EndGlobalSection
	GlobalSection(SolutionProperties) = preSolution
		HideSolutionNode = FALSE
	EndGlobalSection
	GlobalSection(ExtensibilityGlobals) = postSolution
		SolutionGuid = {50805DF1-42BC-4425-B7D1-24DD4435221A}
	EndGlobalSection
EndGlobal
